
Microsoft Visual Studio Solution File, Format Version 12.00
# Visual Studio 15
VisualStudioVersion = 15.0.28010.2046
MinimumVisualStudioVersion = 10.0.40219.1
Project("{9A19103F-16F7-4668-BE54-9A1E7A4F7556}") = "WebAPI", "WebAPI\WebAPI.csproj", "{5FEF5307-E8E8-492C-A6DA-ACA6CD15E569}"
EndProject
Project("{9A19103F-16F7-4668-BE54-9A1E7A4F7556}") = "DataAccessService", "DataAccessService\DataAccessService.csproj", "{14C56333-9358-41CD-B09B-F4400902D2C5}"
EndProject
Project("{9A19103F-16F7-4668-BE54-9A1E7A4F7556}") = "Models", "Models\Models.csproj", "{69EC6626-1EA9-4C26-869E-2DF9D7258A06}"
EndProject
Project("{FAE04EC0-301F-11D3-BF4B-00C04F79EFBC}") = "Contracts", "Contracts\Contracts.csproj", "{F10D8A1A-9376-48FB-A7D0-31867084AD22}"
EndProject
Global
	GlobalSection(SolutionConfigurationPlatforms) = preSolution
		Debug|Any CPU = Debug|Any CPU
		Release|Any CPU = Release|Any CPU
	EndGlobalSection
	GlobalSection(ProjectConfigurationPlatforms) = postSolution
		{5FEF5307-E8E8-492C-A6DA-ACA6CD15E569}.Debug|Any CPU.ActiveCfg = Debug|Any CPU
		{5FEF5307-E8E8-492C-A6DA-ACA6CD15E569}.Debug|Any CPU.Build.0 = Debug|Any CPU
		{5FEF5307-E8E8-492C-A6DA-ACA6CD15E569}.Release|Any CPU.ActiveCfg = Release|Any CPU
		{5FEF5307-E8E8-492C-A6DA-ACA6CD15E569}.Release|Any CPU.Build.0 = Release|Any CPU
		{14C56333-9358-41CD-B09B-F4400902D2C5}.Debug|Any CPU.ActiveCfg = Debug|Any CPU
		{14C56333-9358-41CD-B09B-F4400902D2C5}.Debug|Any CPU.Build.0 = Debug|Any CPU
		{14C56333-9358-41CD-B09B-F4400902D2C5}.Release|Any CPU.ActiveCfg = Release|Any CPU
		{14C56333-9358-41CD-B09B-F4400902D2C5}.Release|Any CPU.Build.0 = Release|Any CPU
		{69EC6626-1EA9-4C26-869E-2DF9D7258A06}.Debug|Any CPU.ActiveCfg = Debug|Any CPU
		{69EC6626-1EA9-4C26-869E-2DF9D7258A06}.Debug|Any CPU.Build.0 = Debug|Any CPU
		{69EC6626-1EA9-4C26-869E-2DF9D7258A06}.Release|Any CPU.ActiveCfg = Release|Any CPU
		{69EC6626-1EA9-4C26-869E-2DF9D7258A06}.Release|Any CPU.Build.0 = Release|Any CPU
		{F10D8A1A-9376-48FB-A7D0-31867084AD22}.Debug|Any CPU.ActiveCfg = Debug|Any CPU
		{F10D8A1A-9376-48FB-A7D0-31867084AD22}.Debug|Any CPU.Build.0 = Debug|Any CPU
		{F10D8A1A-9376-48FB-A7D0-31867084AD22}.Release|Any CPU.ActiveCfg = Release|Any CPU
		{F10D8A1A-9376-48FB-A7D0-31867084AD22}.Release|Any CPU.Build.0 = Release|Any CPU
	EndGlobalSection
	GlobalSection(SolutionProperties) = preSolution
		HideSolutionNode = FALSE
	EndGlobalSection
	GlobalSection(ExtensibilityGlobals) = postSolution
		SolutionGuid = {9E3FA7F7-D840-4B4C-8EE5-DD0C0FBD2569}
	EndGlobalSection
EndGlobal
